
Microsoft Visual Studio Solution File, Format Version 12.00
# Visual Studio Version 17
VisualStudioVersion = 17.7.34221.43
MinimumVisualStudioVersion = 10.0.40219.1
Project("{9A19103F-16F7-4668-BE54-9A1E7A4F7556}") = "SaveManager", "SaveManager\SaveManager.csproj", "{02EC2528-FD3E-4B48-A8BE-0E42E7615F9E}"
EndProject
Global
	GlobalSection(SolutionConfigurationPlatforms) = preSolution
		Debug|Any CPU = Debug|Any CPU
		Release|Any CPU = Release|Any CPU
	EndGlobalSection
	GlobalSection(ProjectConfigurationPlatforms) = postSolution
		{02EC2528-FD3E-4B48-A8BE-0E42E7615F9E}.Debug|Any CPU.ActiveCfg = Debug|Any CPU
		{02EC2528-FD3E-4B48-A8BE-0E42E7615F9E}.Debug|Any CPU.Build.0 = Debug|Any CPU
		{02EC2528-FD3E-4B48-A8BE-0E42E7615F9E}.Release|Any CPU.ActiveCfg = Release|Any CPU
		{02EC2528-FD3E-4B48-A8BE-0E42E7615F9E}.Release|Any CPU.Build.0 = Release|Any CPU
	EndGlobalSection
	GlobalSection(SolutionProperties) = preSolution
		HideSolutionNode = FALSE
	EndGlobalSection
	GlobalSection(ExtensibilityGlobals) = postSolution
		SolutionGuid = {B23E5B10-66D3-4242-8C25-61747AC6A431}
	EndGlobalSection
EndGlobal
